<?xml version="1.0" encoding="utf-8"?>
<Project ToolsVersion="4.0" xmlns="http://schemas.microsoft.com/developer/msbuild/2003">
  <ItemGroup>
    <Filter Include="Source Files">
      <UniqueIdentifier>{4FC737F1-C7A5-4376-A066-2A32D752A2FF}</UniqueIdentifier>
      <Extensions>cpp;c;cc;cxx;c++;cppm;ixx;def;odl;idl;hpj;bat;asm;asmx</Extensions>
    </Filter>
    <Filter Include="Header Files">
      <UniqueIdentifier>{93995380-89BD-4b04-88EB-625FBE52EBFB}</UniqueIdentifier>
      <Extensions>h;hh;hpp;hxx;h++;hm;inl;inc;ipp;xsd</Extensions>
    </Filter>
    <Filter Include="Resource Files">
      <UniqueIdentifier>{67DA6AB6-F800-4c08-8B7A-83BB121AAD01}</UniqueIdentifier>
      <Extensions>rc;ico;cur;bmp;dlg;rc2;rct;bin;rgs;gif;jpg;jpeg;jpe;resx;tiff;tif;png;wav;mfcribbon-ms</Extensions>
    </Filter>
  </ItemGroup>
  <ItemGroup>
    <ClCompile Include="src\Wyvern\application.cpp">
      <Filter>Source Files</Filter>
    </ClCompile>
    <ClCompile Include="src\Wyvern\logger.cpp">
      <Filter>Source Files</Filter>
    </ClCompile>
    <ClCompile Include="src\wyvern.cpp">
      <Filter>Source Files</Filter>
    </ClCompile>
    <ClCompile Include="src\vk_utility\WYVK.cpp">
      <Filter>Source Files</Filter>
    </ClCompile>
    <ClCompile Include="src\Wyvern\Renderer\API\Vulkan\wyvk_renderer.cpp">
      <Filter>Source Files</Filter>
    </ClCompile>
    <ClCompile Include="src\Wyvern\Renderer\API\Vulkan\wyvk_device.cpp">
      <Filter>Source Files</Filter>
    </ClCompile>
    <ClCompile Include="src\Wyvern\Renderer\API\Vulkan\wyvk_debug.cpp">
      <Filter>Source Files</Filter>
    </ClCompile>
    <ClCompile Include="src\Wyvern\Renderer\API\Vulkan\CreateInfo\info.cpp">
      <Filter>Source Files</Filter>
    </ClCompile>
    <ClCompile Include="src\Wyvern\Renderer\API\Vulkan\wyvk_surface.cpp">
      <Filter>Source Files</Filter>
    </ClCompile>
    <ClCompile Include="src\Wyvern\Renderer\API\Vulkan\wyvk_swapchain.cpp">
      <Filter>Source Files</Filter>
    </ClCompile>
    <ClCompile Include="src\Wyvern\Renderer\API\Vulkan\wyvk_instance.cpp">
      <Filter>Source Files</Filter>
    </ClCompile>
    <ClCompile Include="src\Wyvern\window.cpp">
      <Filter>Source Files</Filter>
    </ClCompile>
    <ClCompile Include="src\Wyvern\Renderer\API\Vulkan\Pipelines\wyvk_shader.cpp">
      <Filter>Source Files</Filter>
    </ClCompile>
    <ClCompile Include="src\Wyvern\Renderer\API\Vulkan\Pipelines\wyvk_graphics_pipeline.cpp">
      <Filter>Source Files</Filter>
    </ClCompile>
    <ClCompile Include="src\Wyvern\Renderer\API\Vulkan\Pipelines\wyvk_renderpass.cpp">
      <Filter>Source Files</Filter>
    </ClCompile>
    <ClCompile Include="src\Wyvern\Renderer\API\Vulkan\Command\wyvk_commandpool.cpp">
      <Filter>Source Files</Filter>
    </ClCompile>
    <ClCompile Include="src\Wyvern\Renderer\API\Vulkan\Command\wyvk_commandbuffer.cpp">
      <Filter>Source Files</Filter>
    </ClCompile>
    <ClCompile Include="src\Wyvern\Renderer\API\Vulkan\Memory\buffer.cpp">
      <Filter>Source Files</Filter>
    </ClCompile>
    <ClCompile Include="src\Wyvern\Renderer\API\Vulkan\Geometry\Model.cpp">
      <Filter>Source Files</Filter>
    </ClCompile>
    <ClCompile Include="src\Wyvern\Renderer\API\Vulkan\Descriptor\wyvk_descriptorset.cpp">
      <Filter>Source Files</Filter>
    </ClCompile>
    <ClCompile Include="src\Wyvern\Renderer\API\Vulkan\Descriptor\wyvk_descriptorpool.cpp">
      <Filter>Source Files</Filter>
    </ClCompile>
    <ClCompile Include="src\Wyvern\Renderer\API\Vulkan\Descriptor\wyvk_descriptorlayout.cpp">
      <Filter>Source Files</Filter>
    </ClCompile>
    <ClCompile Include="src\Wyvern\Renderer\API\Vulkan\Memory\image.cpp">
      <Filter>Source Files</Filter>
    </ClCompile>
    <ClCompile Include="src\Wyvern\Renderer\API\Vulkan\Memory\memory_resource.cpp">
      <Filter>Source Files</Filter>
    </ClCompile>
    <ClCompile Include="src\Wyvern\GUI\imguihandler.cpp">
      <Filter>Source Files</Filter>
    </ClCompile>
    <ClCompile Include="src\vendor\imgui\backends\imgui_impl_glfw.cpp">
      <Filter>Source Files</Filter>
    </ClCompile>
    <ClCompile Include="src\vendor\imgui\backends\imgui_impl_vulkan.cpp">
      <Filter>Source Files</Filter>
    </ClCompile>
    <ClCompile Include="src\vendor\imgui\backends\imgui_impl_win32.cpp">
      <Filter>Source Files</Filter>
    </ClCompile>
    <ClCompile Include="src\vendor\imgui\misc\cpp\imgui_stdlib.cpp">
      <Filter>Source Files</Filter>
    </ClCompile>
    <ClCompile Include="src\vendor\imgui\imgui.cpp">
      <Filter>Source Files</Filter>
    </ClCompile>
    <ClCompile Include="src\vendor\imgui\imgui_demo.cpp">
      <Filter>Source Files</Filter>
    </ClCompile>
    <ClCompile Include="src\vendor\imgui\imgui_draw.cpp">
      <Filter>Source Files</Filter>
    </ClCompile>
    <ClCompile Include="src\vendor\imgui\imgui_tables.cpp">
      <Filter>Source Files</Filter>
    </ClCompile>
    <ClCompile Include="src\vendor\imgui\imgui_widgets.cpp">
      <Filter>Source Files</Filter>
    </ClCompile>
    <ClCompile Include="src\vendor\implot\implot.cpp">
      <Filter>Source Files</Filter>
    </ClCompile>
    <ClCompile Include="src\vendor\implot\implot_demo.cpp">
      <Filter>Source Files</Filter>
    </ClCompile>
    <ClCompile Include="src\vendor\implot\implot_items.cpp">
      <Filter>Source Files</Filter>
    </ClCompile>
    <ClCompile Include="src\Wyvern\Input\input_manager.cpp">
      <Filter>Source Files</Filter>
    </ClCompile>
    <ClCompile Include="src\Wyvern\Entity\player.cpp">
      <Filter>Source Files</Filter>
    </ClCompile>
    <ClCompile Include="src\Wyvern\Entity\entity.cpp">
      <Filter>Source Files</Filter>
    </ClCompile>
  </ItemGroup>
  <ItemGroup>
    <ClInclude Include="src\vk_utility\WYVK.h">
      <Filter>Header Files</Filter>
    </ClInclude>
    <ClInclude Include="src\Wyvern\application.h">
      <Filter>Header Files</Filter>
    </ClInclude>
    <ClInclude Include="src\Wyvern\core.h">
      <Filter>Header Files</Filter>
    </ClInclude>
    <ClInclude Include="src\Wyvern\logger.h">
      <Filter>Header Files</Filter>
    </ClInclude>
    <ClInclude Include="src\Wyvern\Renderer\API\Vulkan\wyvk_renderer.h">
      <Filter>Header Files</Filter>
    </ClInclude>
    <ClInclude Include="src\Wyvern\Renderer\API\Vulkan\wyvk_device.h">
      <Filter>Header Files</Filter>
    </ClInclude>
    <ClInclude Include="src\Wyvern\Renderer\API\Vulkan\wyvk_debug.h">
      <Filter>Header Files</Filter>
    </ClInclude>
    <ClInclude Include="src\Wyvern\Renderer\API\Vulkan\wyvk_swapchain.h">
      <Filter>Header Files</Filter>
    </ClInclude>
    <ClInclude Include="src\Wyvern\Renderer\API\Vulkan\wyvk_surface.h">
      <Filter>Header Files</Filter>
    </ClInclude>
    <ClInclude Include="src\Wyvern\Renderer\API\Vulkan\CreateInfo\info.h">
      <Filter>Header Files</Filter>
    </ClInclude>
    <ClInclude Include="src\Wyvern\Renderer\API\Vulkan\wyvk_instance.h">
      <Filter>Header Files</Filter>
    </ClInclude>
    <ClInclude Include="src\Wyvern\window.h">
      <Filter>Header Files</Filter>
    </ClInclude>
    <ClInclude Include="src\Wyvern\Renderer\API\Vulkan\Pipelines\wyvk_graphics_pipeline.h">
      <Filter>Header Files</Filter>
    </ClInclude>
    <ClInclude Include="src\Wyvern\Renderer\API\Vulkan\Pipelines\wyvk_shader.h">
      <Filter>Header Files</Filter>
    </ClInclude>
    <ClInclude Include="src\Wyvern\Renderer\API\Vulkan\Pipelines\wyvk_renderpass.h">
      <Filter>Header Files</Filter>
    </ClInclude>
    <ClInclude Include="src\Wyvern\Renderer\API\Vulkan\Command\wyvk_commandpool.h">
      <Filter>Header Files</Filter>
    </ClInclude>
    <ClInclude Include="src\Wyvern\Renderer\API\Vulkan\Command\wyvk_commandbuffer.h">
      <Filter>Header Files</Filter>
    </ClInclude>
    <ClInclude Include="src\Wyvern\Renderer\API\Vulkan\Memory\buffer.h">
      <Filter>Header Files</Filter>
    </ClInclude>
    <ClInclude Include="src\Wyvern\Renderer\API\Vulkan\Geometry\vertex_geometry.h">
      <Filter>Header Files</Filter>
    </ClInclude>
    <ClInclude Include="src\Wyvern\Renderer\API\Vulkan\Geometry\Model.h">
      <Filter>Header Files</Filter>
    </ClInclude>
    <ClInclude Include="src\Wyvern\Renderer\API\Vulkan\Descriptor\wyvk_descriptorset.h">
      <Filter>Header Files</Filter>
    </ClInclude>
    <ClInclude Include="src\Wyvern\Renderer\API\Vulkan\Descriptor\wyvk_descriptorpool.h">
      <Filter>Header Files</Filter>
    </ClInclude>
    <ClInclude Include="src\Wyvern\Renderer\API\Vulkan\Descriptor\wyvk_descriptorlayout.h">
      <Filter>Header Files</Filter>
    </ClInclude>
    <ClInclude Include="src\Wyvern\Renderer\API\Vulkan\Memory\image.h">
      <Filter>Header Files</Filter>
    </ClInclude>
    <ClInclude Include="src\Wyvern\Renderer\API\Vulkan\Memory\memory_resource.h">
      <Filter>Header Files</Filter>
    </ClInclude>
    <ClInclude Include="src\Wyvern\GUI\imguihandler.h">
      <Filter>Header Files</Filter>
    </ClInclude>
    <ClInclude Include="src\vendor\imgui\backends\imgui_impl_glfw.h">
      <Filter>Header Files</Filter>
    </ClInclude>
    <ClInclude Include="src\vendor\imgui\backends\imgui_impl_vulkan.h">
      <Filter>Header Files</Filter>
    </ClInclude>
    <ClInclude Include="src\vendor\imgui\backends\imgui_impl_win32.h">
      <Filter>Header Files</Filter>
    </ClInclude>
    <ClInclude Include="src\vendor\imgui\misc\single_file\imgui_single_file.h">
      <Filter>Header Files</Filter>
    </ClInclude>
    <ClInclude Include="src\vendor\imgui\misc\cpp\imgui_stdlib.h">
      <Filter>Header Files</Filter>
    </ClInclude>
    <ClInclude Include="src\vendor\imgui\imconfig.h">
      <Filter>Header Files</Filter>
    </ClInclude>
    <ClInclude Include="src\vendor\imgui\imgui.h">
      <Filter>Header Files</Filter>
    </ClInclude>
    <ClInclude Include="src\vendor\imgui\imgui_internal.h">
      <Filter>Header Files</Filter>
    </ClInclude>
    <ClInclude Include="src\vendor\imgui\imstb_rectpack.h">
      <Filter>Header Files</Filter>
    </ClInclude>
    <ClInclude Include="src\vendor\imgui\imstb_textedit.h">
      <Filter>Header Files</Filter>
    </ClInclude>
    <ClInclude Include="src\vendor\imgui\imstb_truetype.h">
      <Filter>Header Files</Filter>
    </ClInclude>
    <ClInclude Include="src\vendor\implot\implot.h">
      <Filter>Header Files</Filter>
    </ClInclude>
    <ClInclude Include="src\vendor\implot\implot_internal.h">
      <Filter>Header Files</Filter>
    </ClInclude>
    <ClInclude Include="src\Wyvern\utility.h">
      <Filter>Header Files</Filter>
    </ClInclude>
    <ClInclude Include="src\Wyvern\Input\input_action.h">
      <Filter>Header Files</Filter>
    </ClInclude>
    <ClInclude Include="src\Wyvern\Input\input_manager.h">
      <Filter>Header Files</Filter>
    </ClInclude>
    <ClInclude Include="src\Wyvern\Input\keycodes.h">
      <Filter>Header Files</Filter>
    </ClInclude>
    <ClInclude Include="src\Wyvern\Camera\camera.h">
      <Filter>Header Files</Filter>
    </ClInclude>
    <ClInclude Include="src\Wyvern\Entity\player.h">
      <Filter>Header Files</Filter>
    </ClInclude>
    <ClInclude Include="src\Wyvern\Entity\entity.h">
      <Filter>Header Files</Filter>
    </ClInclude>
    <ClInclude Include="src\Wyvern\Events\application_event.h">
      <Filter>Header Files</Filter>
    </ClInclude>
    <ClInclude Include="src\Wyvern\Events\key_event.h">
      <Filter>Header Files</Filter>
    </ClInclude>
    <ClInclude Include="src\Wyvern\Events\mouse_event.h">
      <Filter>Header Files</Filter>
    </ClInclude>
    <ClInclude Include="src\Wyvern\Events\event.h">
      <Filter>Header Files</Filter>
    </ClInclude>
  </ItemGroup>
  <ItemGroup>
    <None Include="src\Wyvern\Assets\Shaders\vertex.vert" />
    <None Include="src\Wyvern\Assets\Shaders\fragment.frag" />
    <None Include="src\Wyvern\Assets\Shaders\_manual_compile.bat">
      <Filter>Source Files</Filter>
    </None>
    <None Include="src\vendor\imgui\.editorconfig" />
    <None Include="src\vendor\imgui\.gitattributes" />
    <None Include="src\vendor\imgui\.gitignore" />
    <None Include="src\vendor\imgui\backends\vulkan\generate_spv.sh" />
    <None Include="src\vendor\imgui\backends\vulkan\glsl_shader.frag" />
    <None Include="src\vendor\imgui\backends\vulkan\glsl_shader.vert" />
    <None Include="src\vendor\imgui\docs\BACKENDS.md" />
    <None Include="src\vendor\imgui\docs\CONTRIBUTING.md" />
    <None Include="src\vendor\imgui\docs\EXAMPLES.md" />
    <None Include="src\vendor\imgui\docs\FAQ.md" />
    <None Include="src\vendor\imgui\docs\FONTS.md" />
    <None Include="src\vendor\imgui\docs\README.md" />
  </ItemGroup>
  <ItemGroup>
    <Text Include="src\vendor\imgui\docs\CHANGELOG.txt" />
    <Text Include="src\vendor\imgui\docs\TODO.txt" />
  </ItemGroup>
  <ItemGroup>
    <Font Include="src\vendor\imgui\misc\fonts\Cousine-Regular.ttf" />
    <Font Include="src\vendor\imgui\misc\fonts\DroidSans.ttf" />
    <Font Include="src\vendor\imgui\misc\fonts\Karla-Regular.ttf" />
    <Font Include="src\vendor\imgui\misc\fonts\ProggyClean.ttf" />
    <Font Include="src\vendor\imgui\misc\fonts\ProggyTiny.ttf" />
    <Font Include="src\vendor\imgui\misc\fonts\Roboto-Medium.ttf" />
  </ItemGroup>
</Project>